<?xml version="1.0" encoding="utf-8"?>
<Project ToolsVersion="4.0" xmlns="http://schemas.microsoft.com/developer/msbuild/2003">
  <ItemGroup>
    <Filter Include="Source Files">
      <UniqueIdentifier>{4FC737F1-C7A5-4376-A066-2A32D752A2FF}</UniqueIdentifier>
      <Extensions>cpp;c;cc;cxx;c++;cppm;ixx;def;odl;idl;hpj;bat;asm;asmx</Extensions>
    </Filter>
    <Filter Include="Header Files">
      <UniqueIdentifier>{93995380-89BD-4b04-88EB-625FBE52EBFB}</UniqueIdentifier>
      <Extensions>h;hh;hpp;hxx;h++;hm;inl;inc;ipp;xsd</Extensions>
    </Filter>
    <Filter Include="Resource Files">
      <UniqueIdentifier>{67DA6AB6-F800-4c08-8B7A-83BB121AAD01}</UniqueIdentifier>
      <Extensions>rc;ico;cur;bmp;dlg;rc2;rct;bin;rgs;gif;jpg;jpeg;jpe;resx;tiff;tif;png;wav;mfcribbon-ms</Extensions>
    </Filter>
  </ItemGroup>
  <ItemGroup>
    <ClCompile Include="dllmain.cpp">
      <Filter>Source Files</Filter>
    </ClCompile>
    <ClCompile Include="XSerious\LuaEnvironment\Lua\lapi.c">
      <Filter>Source Files</Filter>
    </ClCompile>
    <ClCompile Include="XSerious\LuaEnvironment\Lua\lauxlib.c">
      <Filter>Source Files</Filter>
    </ClCompile>
    <ClCompile Include="XSerious\LuaEnvironment\Lua\lbaselib.c">
      <Filter>Source Files</Filter>
    </ClCompile>
    <ClCompile Include="XSerious\LuaEnvironment\Lua\lcode.c">
      <Filter>Source Files</Filter>
    </ClCompile>
    <ClCompile Include="XSerious\LuaEnvironment\Lua\ldblib.c">
      <Filter>Source Files</Filter>
    </ClCompile>
    <ClCompile Include="XSerious\LuaEnvironment\Lua\ldebug.c">
      <Filter>Source Files</Filter>
    </ClCompile>
    <ClCompile Include="XSerious\LuaEnvironment\Lua\ldo.c">
      <Filter>Source Files</Filter>
    </ClCompile>
    <ClCompile Include="XSerious\LuaEnvironment\Lua\ldump.c">
      <Filter>Source Files</Filter>
    </ClCompile>
    <ClCompile Include="XSerious\LuaEnvironment\Lua\lfunc.c">
      <Filter>Source Files</Filter>
    </ClCompile>
    <ClCompile Include="XSerious\LuaEnvironment\Lua\lgc.c">
      <Filter>Source Files</Filter>
    </ClCompile>
    <ClCompile Include="XSerious\LuaEnvironment\Lua\linit.c">
      <Filter>Source Files</Filter>
    </ClCompile>
    <ClCompile Include="XSerious\LuaEnvironment\Lua\liolib.c">
      <Filter>Source Files</Filter>
    </ClCompile>
    <ClCompile Include="XSerious\LuaEnvironment\Lua\llex.c">
      <Filter>Source Files</Filter>
    </ClCompile>
    <ClCompile Include="XSerious\LuaEnvironment\Lua\lmathlib.c">
      <Filter>Source Files</Filter>
    </ClCompile>
    <ClCompile Include="XSerious\LuaEnvironment\Lua\lmem.c">
      <Filter>Source Files</Filter>
    </ClCompile>
    <ClCompile Include="XSerious\LuaEnvironment\Lua\loadlib.c">
      <Filter>Source Files</Filter>
    </ClCompile>
    <ClCompile Include="XSerious\LuaEnvironment\Lua\lobject.c">
      <Filter>Source Files</Filter>
    </ClCompile>
    <ClCompile Include="XSerious\LuaEnvironment\Lua\lopcodes.c">
      <Filter>Source Files</Filter>
    </ClCompile>
    <ClCompile Include="XSerious\LuaEnvironment\Lua\loslib.c">
      <Filter>Source Files</Filter>
    </ClCompile>
    <ClCompile Include="XSerious\LuaEnvironment\Lua\lparser.c">
      <Filter>Source Files</Filter>
    </ClCompile>
    <ClCompile Include="XSerious\LuaEnvironment\Lua\lstate.c">
      <Filter>Source Files</Filter>
    </ClCompile>
    <ClCompile Include="XSerious\LuaEnvironment\Lua\lstring.c">
      <Filter>Source Files</Filter>
    </ClCompile>
    <ClCompile Include="XSerious\LuaEnvironment\Lua\lstrlib.c">
      <Filter>Source Files</Filter>
    </ClCompile>
    <ClCompile Include="XSerious\LuaEnvironment\Lua\ltable.c">
      <Filter>Source Files</Filter>
    </ClCompile>
    <ClCompile Include="XSerious\LuaEnvironment\Lua\ltablib.c">
      <Filter>Source Files</Filter>
    </ClCompile>
    <ClCompile Include="XSerious\LuaEnvironment\Lua\ltm.c">
      <Filter>Source Files</Filter>
    </ClCompile>
    <ClCompile Include="XSerious\LuaEnvironment\Lua\lundump.c">
      <Filter>Source Files</Filter>
    </ClCompile>
    <ClCompile Include="XSerious\LuaEnvironment\Lua\lvm.c">
      <Filter>Source Files</Filter>
    </ClCompile>
    <ClCompile Include="XSerious\LuaEnvironment\Lua\lzio.c">
      <Filter>Source Files</Filter>
    </ClCompile>
  </ItemGroup>
  <ItemGroup>
    <ClInclude Include="XSerious\Utils\Mem.h">
      <Filter>Header Files</Filter>
    </ClInclude>
    <ClInclude Include="Memory\Game.h">
      <Filter>Header Files</Filter>
    </ClInclude>
    <ClInclude Include="XSerious\Utils\Utils.h">
      <Filter>Header Files</Filter>
    </ClInclude>
    <ClInclude Include="XSerious\HWIDManager.h">
      <Filter>Header Files</Filter>
    </ClInclude>
    <ClInclude Include="Memory\MainHooks.h">
      <Filter>Header Files</Filter>
    </ClInclude>
    <ClInclude Include="XSerious\Command\Command.h">
      <Filter>Header Files</Filter>
    </ClInclude>
    <ClInclude Include="XSerious\Command\CommandManager.h">
      <Filter>Header Files</Filter>
    </ClInclude>
    <ClInclude Include="XSerious\Command\Commands\TestCommand.h">
      <Filter>Header Files</Filter>
    </ClInclude>
    <ClInclude Include="XSerious\Command\Commands\ClearCommand.h">
      <Filter>Header Files</Filter>
    </ClInclude>
    <ClInclude Include="XSerious\Command\Commands\PrintCommand.h">
      <Filter>Header Files</Filter>
    </ClInclude>
    <ClInclude Include="XSerious\Command\Commands\EjectCommand.h">
      <Filter>Header Files</Filter>
    </ClInclude>
    <ClInclude Include="Memory\SDK\SubSDK\TextHolder.h">
      <Filter>Header Files</Filter>
    </ClInclude>
    <ClInclude Include="XSerious\NamedPipe\NamedPipe.h">
      <Filter>Header Files</Filter>
    </ClInclude>
    <ClInclude Include="XSerious\LuaEnvironment\EnvironmentHelpers.h">
      <Filter>Header Files</Filter>
    </ClInclude>
    <ClInclude Include="XSerious\LuaEnvironment\lua_x.h">
      <Filter>Header Files</Filter>
    </ClInclude>
    <ClInclude Include="XSerious\LuaEnvironment\Lua\lapi.h">
      <Filter>Header Files</Filter>
    </ClInclude>
    <ClInclude Include="XSerious\LuaEnvironment\Lua\lauxlib.h">
      <Filter>Header Files</Filter>
    </ClInclude>
    <ClInclude Include="XSerious\LuaEnvironment\Lua\lcode.h">
      <Filter>Header Files</Filter>
    </ClInclude>
    <ClInclude Include="XSerious\LuaEnvironment\Lua\ldebug.h">
      <Filter>Header Files</Filter>
    </ClInclude>
    <ClInclude Include="XSerious\LuaEnvironment\Lua\ldo.h">
      <Filter>Header Files</Filter>
    </ClInclude>
    <ClInclude Include="XSerious\LuaEnvironment\Lua\lfunc.h">
      <Filter>Header Files</Filter>
    </ClInclude>
    <ClInclude Include="XSerious\LuaEnvironment\Lua\lgc.h">
      <Filter>Header Files</Filter>
    </ClInclude>
    <ClInclude Include="XSerious\LuaEnvironment\Lua\llex.h">
      <Filter>Header Files</Filter>
    </ClInclude>
    <ClInclude Include="XSerious\LuaEnvironment\Lua\llimits.h">
      <Filter>Header Files</Filter>
    </ClInclude>
    <ClInclude Include="XSerious\LuaEnvironment\Lua\lmem.h">
      <Filter>Header Files</Filter>
    </ClInclude>
    <ClInclude Include="XSerious\LuaEnvironment\Lua\lobject.h">
      <Filter>Header Files</Filter>
    </ClInclude>
    <ClInclude Include="XSerious\LuaEnvironment\Lua\lopcodes.h">
      <Filter>Header Files</Filter>
    </ClInclude>
    <ClInclude Include="XSerious\LuaEnvironment\Lua\lparser.h">
      <Filter>Header Files</Filter>
    </ClInclude>
    <ClInclude Include="XSerious\LuaEnvironment\Lua\lstate.h">
      <Filter>Header Files</Filter>
    </ClInclude>
    <ClInclude Include="XSerious\LuaEnvironment\Lua\lstring.h">
      <Filter>Header Files</Filter>
    </ClInclude>
    <ClInclude Include="XSerious\LuaEnvironment\Lua\ltable.h">
      <Filter>Header Files</Filter>
    </ClInclude>
    <ClInclude Include="XSerious\LuaEnvironment\Lua\ltm.h">
      <Filter>Header Files</Filter>
    </ClInclude>
    <ClInclude Include="XSerious\LuaEnvironment\Lua\lua.h">
      <Filter>Header Files</Filter>
    </ClInclude>
    <ClInclude Include="XSerious\LuaEnvironment\Lua\lua.hpp">
      <Filter>Header Files</Filter>
    </ClInclude>
    <ClInclude Include="XSerious\LuaEnvironment\Lua\luaconf.h">
      <Filter>Header Files</Filter>
    </ClInclude>
    <ClInclude Include="XSerious\LuaEnvironment\Lua\lualib.h">
      <Filter>Header Files</Filter>
    </ClInclude>
    <ClInclude Include="XSerious\LuaEnvironment\Lua\lundump.h">
      <Filter>Header Files</Filter>
    </ClInclude>
    <ClInclude Include="XSerious\LuaEnvironment\Lua\lvm.h">
      <Filter>Header Files</Filter>
    </ClInclude>
    <ClInclude Include="XSerious\LuaEnvironment\Lua\lzio.h">
      <Filter>Header Files</Filter>
    </ClInclude>
  </ItemGroup>
</Project>