
Microsoft Visual Studio Solution File, Format Version 12.00
# Visual Studio Version 16
VisualStudioVersion = 16.0.31702.278
MinimumVisualStudioVersion = 10.0.40219.1
Project("{8BC9CEB8-8B4A-11D0-8D11-00A0C91BC942}") = "XSerious Client", "XSerious Client\XSerious Client.vcxproj", "{53E7D43D-6517-4A92-BEE4-C98504B83E44}"
EndProject
Project("{FAE04EC0-301F-11D3-BF4B-00C04F79EFBC}") = "XSeriesUI", "XSeriesUI\XSeriesUI.csproj", "{63C3A7B9-5F09-4C5F-855C-3C4DBB4E5253}"
EndProject
Project("{FAE04EC0-301F-11D3-BF4B-00C04F79EFBC}") = "XSeriesAPI", "XSeriesAPI\XSeriesAPI.csproj", "{77CEF036-9AD9-499E-926A-668476281AD2}"
EndProject
Global
	GlobalSection(SolutionConfigurationPlatforms) = preSolution
		Debug|Any CPU = Debug|Any CPU
		Debug|x64 = Debug|x64
		Debug|x86 = Debug|x86
		Release|Any CPU = Release|Any CPU
		Release|x64 = Release|x64
		Release|x86 = Release|x86
	EndGlobalSection
	GlobalSection(ProjectConfigurationPlatforms) = postSolution
		{53E7D43D-6517-4A92-BEE4-C98504B83E44}.Debug|Any CPU.ActiveCfg = Debug|Win32
		{53E7D43D-6517-4A92-BEE4-C98504B83E44}.Debug|x64.ActiveCfg = Debug|x64
		{53E7D43D-6517-4A92-BEE4-C98504B83E44}.Debug|x64.Build.0 = Debug|x64
		{53E7D43D-6517-4A92-BEE4-C98504B83E44}.Debug|x86.ActiveCfg = Debug|Win32
		{53E7D43D-6517-4A92-BEE4-C98504B83E44}.Debug|x86.Build.0 = Debug|Win32
		{53E7D43D-6517-4A92-BEE4-C98504B83E44}.Release|Any CPU.ActiveCfg = Release|Win32
		{53E7D43D-6517-4A92-BEE4-C98504B83E44}.Release|x64.ActiveCfg = Release|x64
		{53E7D43D-6517-4A92-BEE4-C98504B83E44}.Release|x64.Build.0 = Release|x64
		{53E7D43D-6517-4A92-BEE4-C98504B83E44}.Release|x86.ActiveCfg = Release|Win32
		{53E7D43D-6517-4A92-BEE4-C98504B83E44}.Release|x86.Build.0 = Release|Win32
		{63C3A7B9-5F09-4C5F-855C-3C4DBB4E5253}.Debug|Any CPU.ActiveCfg = Debug|Any CPU
		{63C3A7B9-5F09-4C5F-855C-3C4DBB4E5253}.Debug|Any CPU.Build.0 = Debug|Any CPU
		{63C3A7B9-5F09-4C5F-855C-3C4DBB4E5253}.Debug|x64.ActiveCfg = Debug|Any CPU
		{63C3A7B9-5F09-4C5F-855C-3C4DBB4E5253}.Debug|x64.Build.0 = Debug|Any CPU
		{63C3A7B9-5F09-4C5F-855C-3C4DBB4E5253}.Debug|x86.ActiveCfg = Debug|Any CPU
		{63C3A7B9-5F09-4C5F-855C-3C4DBB4E5253}.Debug|x86.Build.0 = Debug|Any CPU
		{63C3A7B9-5F09-4C5F-855C-3C4DBB4E5253}.Release|Any CPU.ActiveCfg = Release|Any CPU
		{63C3A7B9-5F09-4C5F-855C-3C4DBB4E5253}.Release|Any CPU.Build.0 = Release|Any CPU
		{63C3A7B9-5F09-4C5F-855C-3C4DBB4E5253}.Release|x64.ActiveCfg = Release|Any CPU
		{63C3A7B9-5F09-4C5F-855C-3C4DBB4E5253}.Release|x64.Build.0 = Release|Any CPU
		{63C3A7B9-5F09-4C5F-855C-3C4DBB4E5253}.Release|x86.ActiveCfg = Release|Any CPU
		{63C3A7B9-5F09-4C5F-855C-3C4DBB4E5253}.Release|x86.Build.0 = Release|Any CPU
		{77CEF036-9AD9-499E-926A-668476281AD2}.Debug|Any CPU.ActiveCfg = Debug|Any CPU
		{77CEF036-9AD9-499E-926A-668476281AD2}.Debug|Any CPU.Build.0 = Debug|Any CPU
		{77CEF036-9AD9-499E-926A-668476281AD2}.Debug|x64.ActiveCfg = Debug|Any CPU
		{77CEF036-9AD9-499E-926A-668476281AD2}.Debug|x64.Build.0 = Debug|Any CPU
		{77CEF036-9AD9-499E-926A-668476281AD2}.Debug|x86.ActiveCfg = Debug|Any CPU
		{77CEF036-9AD9-499E-926A-668476281AD2}.Debug|x86.Build.0 = Debug|Any CPU
		{77CEF036-9AD9-499E-926A-668476281AD2}.Release|Any CPU.ActiveCfg = Release|Any CPU
		{77CEF036-9AD9-499E-926A-668476281AD2}.Release|Any CPU.Build.0 = Release|Any CPU
		{77CEF036-9AD9-499E-926A-668476281AD2}.Release|x64.ActiveCfg = Release|Any CPU
		{77CEF036-9AD9-499E-926A-668476281AD2}.Release|x64.Build.0 = Release|Any CPU
		{77CEF036-9AD9-499E-926A-668476281AD2}.Release|x86.ActiveCfg = Release|Any CPU
		{77CEF036-9AD9-499E-926A-668476281AD2}.Release|x86.Build.0 = Release|Any CPU
	EndGlobalSection
	GlobalSection(SolutionProperties) = preSolution
		HideSolutionNode = FALSE
	EndGlobalSection
	GlobalSection(ExtensibilityGlobals) = postSolution
		SolutionGuid = {EFA1FE51-55B7-4CF0-9578-5273545FD358}
	EndGlobalSection
EndGlobal
